// !$*UTF8*$!
{
	archiveVersion = 1;
	classes = {
	};
	objectVersion = 50;
	objects = {

/* Begin PBXBuildFile section */
		AF52DCD9266DF8A700B2422D /* HashableProtocol.swift in Sources */ = {isa = PBXBuildFile; fileRef = AF52DCD8266DF8A700B2422D /* HashableProtocol.swift */; };
		AF52DCDC266DFF9600B2422D /* Movie+CoreDataClass.swift in Sources */ = {isa = PBXBuildFile; fileRef = AF52DCDA266DFF9600B2422D /* Movie+CoreDataClass.swift */; };
		AF52DCDD266DFF9600B2422D /* Movie+CoreDataProperties.swift in Sources */ = {isa = PBXBuildFile; fileRef = AF52DCDB266DFF9600B2422D /* Movie+CoreDataProperties.swift */; };
		AF52DCE5266E43B000B2422D /* project_12.xcdatamodeld in Sources */ = {isa = PBXBuildFile; fileRef = AF52DCE3266E43B000B2422D /* project_12.xcdatamodeld */; };
		AF52DCE7266E4E5000B2422D /* Constraintss.swift in Sources */ = {isa = PBXBuildFile; fileRef = AF52DCE6266E4E5000B2422D /* Constraintss.swift */; };
		AF52DCE9266E4F7200B2422D /* nsPredicate.swift in Sources */ = {isa = PBXBuildFile; fileRef = AF52DCE8266E4F7200B2422D /* nsPredicate.swift */; };
		AF52DCEC266F56F700B2422D /* Singer+CoreDataClass.swift in Sources */ = {isa = PBXBuildFile; fileRef = AF52DCEA266F56F700B2422D /* Singer+CoreDataClass.swift */; };
		AF52DCED266F56F700B2422D /* Singer+CoreDataProperties.swift in Sources */ = {isa = PBXBuildFile; fileRef = AF52DCEB266F56F700B2422D /* Singer+CoreDataProperties.swift */; };
		AF52DCEF266F7DF500B2422D /* DynamicFiltering.swift in Sources */ = {isa = PBXBuildFile; fileRef = AF52DCEE266F7DF500B2422D /* DynamicFiltering.swift */; };
		AF52DCF1266F82BB00B2422D /* FilteredList.swift in Sources */ = {isa = PBXBuildFile; fileRef = AF52DCF0266F82BB00B2422D /* FilteredList.swift */; };
		AF52DCF6266FB07C00B2422D /* Candy+CoreDataClass.swift in Sources */ = {isa = PBXBuildFile; fileRef = AF52DCF2266FB07C00B2422D /* Candy+CoreDataClass.swift */; };
		AF52DCF7266FB07C00B2422D /* Candy+CoreDataProperties.swift in Sources */ = {isa = PBXBuildFile; fileRef = AF52DCF3266FB07C00B2422D /* Candy+CoreDataProperties.swift */; };
		AF52DCF8266FB07C00B2422D /* Country+CoreDataClass.swift in Sources */ = {isa = PBXBuildFile; fileRef = AF52DCF4266FB07C00B2422D /* Country+CoreDataClass.swift */; };
		AF52DCF9266FB07C00B2422D /* Country+CoreDataProperties.swift in Sources */ = {isa = PBXBuildFile; fileRef = AF52DCF5266FB07C00B2422D /* Country+CoreDataProperties.swift */; };
		AF52DCFB266FB25A00B2422D /* lastTurorial.swift in Sources */ = {isa = PBXBuildFile; fileRef = AF52DCFA266FB25A00B2422D /* lastTurorial.swift */; };
		AF6288E5266B7FC20067E177 /* AppDelegate.swift in Sources */ = {isa = PBXBuildFile; fileRef = AF6288E4266B7FC20067E177 /* AppDelegate.swift */; };
		AF6288E7266B7FC20067E177 /* SceneDelegate.swift in Sources */ = {isa = PBXBuildFile; fileRef = AF6288E6266B7FC20067E177 /* SceneDelegate.swift */; };
		AF6288E9266B7FC20067E177 /* ContentView.swift in Sources */ = {isa = PBXBuildFile; fileRef = AF6288E8266B7FC20067E177 /* ContentView.swift */; };
		AF6288EE266B7FC50067E177 /* Assets.xcassets in Resources */ = {isa = PBXBuildFile; fileRef = AF6288ED266B7FC50067E177 /* Assets.xcassets */; };
		AF6288F1266B7FC50067E177 /* Preview Assets.xcassets in Resources */ = {isa = PBXBuildFile; fileRef = AF6288F0266B7FC50067E177 /* Preview Assets.xcassets */; };
		AF6288F4266B7FC50067E177 /* LaunchScreen.storyboard in Resources */ = {isa = PBXBuildFile; fileRef = AF6288F2266B7FC50067E177 /* LaunchScreen.storyboard */; };
/* End PBXBuildFile section */

/* Begin PBXFileReference section */
		AF52DCD8266DF8A700B2422D /* HashableProtocol.swift */ = {isa = PBXFileReference; lastKnownFileType = sourcecode.swift; path = HashableProtocol.swift; sourceTree = "<group>"; };
		AF52DCDA266DFF9600B2422D /* Movie+CoreDataClass.swift */ = {isa = PBXFileReference; lastKnownFileType = sourcecode.swift; path = "Movie+CoreDataClass.swift"; sourceTree = "<group>"; };
		AF52DCDB266DFF9600B2422D /* Movie+CoreDataProperties.swift */ = {isa = PBXFileReference; lastKnownFileType = sourcecode.swift; path = "Movie+CoreDataProperties.swift"; sourceTree = "<group>"; };
		AF52DCE4266E43B000B2422D /* project_12.xcdatamodel */ = {isa = PBXFileReference; lastKnownFileType = wrapper.xcdatamodel; path = project_12.xcdatamodel; sourceTree = "<group>"; };
		AF52DCE6266E4E5000B2422D /* Constraintss.swift */ = {isa = PBXFileReference; fileEncoding = 4; lastKnownFileType = sourcecode.swift; path = Constraintss.swift; sourceTree = "<group>"; };
		AF52DCE8266E4F7200B2422D /* nsPredicate.swift */ = {isa = PBXFileReference; lastKnownFileType = sourcecode.swift; path = nsPredicate.swift; sourceTree = "<group>"; };
		AF52DCEA266F56F700B2422D /* Singer+CoreDataClass.swift */ = {isa = PBXFileReference; lastKnownFileType = sourcecode.swift; path = "Singer+CoreDataClass.swift"; sourceTree = SOURCE_ROOT; };
		AF52DCEB266F56F700B2422D /* Singer+CoreDataProperties.swift */ = {isa = PBXFileReference; lastKnownFileType = sourcecode.swift; path = "Singer+CoreDataProperties.swift"; sourceTree = SOURCE_ROOT; };
		AF52DCEE266F7DF500B2422D /* DynamicFiltering.swift */ = {isa = PBXFileReference; lastKnownFileType = sourcecode.swift; path = DynamicFiltering.swift; sourceTree = "<group>"; };
		AF52DCF0266F82BB00B2422D /* FilteredList.swift */ = {isa = PBXFileReference; lastKnownFileType = sourcecode.swift; path = FilteredList.swift; sourceTree = "<group>"; };
		AF52DCF2266FB07C00B2422D /* Candy+CoreDataClass.swift */ = {isa = PBXFileReference; lastKnownFileType = sourcecode.swift; path = "Candy+CoreDataClass.swift"; sourceTree = "<group>"; };
		AF52DCF3266FB07C00B2422D /* Candy+CoreDataProperties.swift */ = {isa = PBXFileReference; lastKnownFileType = sourcecode.swift; path = "Candy+CoreDataProperties.swift"; sourceTree = "<group>"; };
		AF52DCF4266FB07C00B2422D /* Country+CoreDataClass.swift */ = {isa = PBXFileReference; lastKnownFileType = sourcecode.swift; path = "Country+CoreDataClass.swift"; sourceTree = "<group>"; };
		AF52DCF5266FB07C00B2422D /* Country+CoreDataProperties.swift */ = {isa = PBXFileReference; lastKnownFileType = sourcecode.swift; path = "Country+CoreDataProperties.swift"; sourceTree = "<group>"; };
		AF52DCFA266FB25A00B2422D /* lastTurorial.swift */ = {isa = PBXFileReference; lastKnownFileType = sourcecode.swift; path = lastTurorial.swift; sourceTree = "<group>"; };
		AF6288E1266B7FC20067E177 /* project 12.app */ = {isa = PBXFileReference; explicitFileType = wrapper.application; includeInIndex = 0; path = "project 12.app"; sourceTree = BUILT_PRODUCTS_DIR; };
		AF6288E4266B7FC20067E177 /* AppDelegate.swift */ = {isa = PBXFileReference; lastKnownFileType = sourcecode.swift; path = AppDelegate.swift; sourceTree = "<group>"; };
		AF6288E6266B7FC20067E177 /* SceneDelegate.swift */ = {isa = PBXFileReference; lastKnownFileType = sourcecode.swift; path = SceneDelegate.swift; sourceTree = "<group>"; };
		AF6288E8266B7FC20067E177 /* ContentView.swift */ = {isa = PBXFileReference; lastKnownFileType = sourcecode.swift; path = ContentView.swift; sourceTree = "<group>"; };
		AF6288ED266B7FC50067E177 /* Assets.xcassets */ = {isa = PBXFileReference; lastKnownFileType = folder.assetcatalog; path = Assets.xcassets; sourceTree = "<group>"; };
		AF6288F0266B7FC50067E177 /* Preview Assets.xcassets */ = {isa = PBXFileReference; lastKnownFileType = folder.assetcatalog; path = "Preview Assets.xcassets"; sourceTree = "<group>"; };
		AF6288F3266B7FC50067E177 /* Base */ = {isa = PBXFileReference; lastKnownFileType = file.storyboard; name = Base; path = Base.lproj/LaunchScreen.storyboard; sourceTree = "<group>"; };
		AF6288F5266B7FC50067E177 /* Info.plist */ = {isa = PBXFileReference; lastKnownFileType = text.plist.xml; path = Info.plist; sourceTree = "<group>"; };
/* End PBXFileReference section */

/* Begin PBXFrameworksBuildPhase section */
		AF6288DE266B7FC20067E177 /* Frameworks */ = {
			isa = PBXFrameworksBuildPhase;
			buildActionMask = 2147483647;
			files = (
			);
			runOnlyForDeploymentPostprocessing = 0;
		};
/* End PBXFrameworksBuildPhase section */

/* Begin PBXGroup section */
		AF6288D8266B7FC20067E177 = {
			isa = PBXGroup;
			children = (
				AF6288E3266B7FC20067E177 /* project 12 */,
				AF6288E2266B7FC20067E177 /* Products */,
			);
			sourceTree = "<group>";
		};
		AF6288E2266B7FC20067E177 /* Products */ = {
			isa = PBXGroup;
			children = (
				AF6288E1266B7FC20067E177 /* project 12.app */,
			);
			name = Products;
			sourceTree = "<group>";
		};
		AF6288E3266B7FC20067E177 /* project 12 */ = {
			isa = PBXGroup;
			children = (
				AF52DCF2266FB07C00B2422D /* Candy+CoreDataClass.swift */,
				AF52DCF3266FB07C00B2422D /* Candy+CoreDataProperties.swift */,
				AF52DCF4266FB07C00B2422D /* Country+CoreDataClass.swift */,
				AF52DCF5266FB07C00B2422D /* Country+CoreDataProperties.swift */,
				AF52DCFA266FB25A00B2422D /* lastTurorial.swift */,
				AF52DCEA266F56F700B2422D /* Singer+CoreDataClass.swift */,
				AF52DCEB266F56F700B2422D /* Singer+CoreDataProperties.swift */,
				AF52DCEE266F7DF500B2422D /* DynamicFiltering.swift */,
				AF52DCF0266F82BB00B2422D /* FilteredList.swift */,
				AF52DCDA266DFF9600B2422D /* Movie+CoreDataClass.swift */,
				AF52DCDB266DFF9600B2422D /* Movie+CoreDataProperties.swift */,
				AF6288E4266B7FC20067E177 /* AppDelegate.swift */,
				AF6288E6266B7FC20067E177 /* SceneDelegate.swift */,
				AF6288E8266B7FC20067E177 /* ContentView.swift */,
				AF52DCE3266E43B000B2422D /* project_12.xcdatamodeld */,
				AF52DCE8266E4F7200B2422D /* nsPredicate.swift */,
				AF52DCE6266E4E5000B2422D /* Constraintss.swift */,
				AF52DCD8266DF8A700B2422D /* HashableProtocol.swift */,
				AF6288ED266B7FC50067E177 /* Assets.xcassets */,
				AF6288F2266B7FC50067E177 /* LaunchScreen.storyboard */,
				AF6288F5266B7FC50067E177 /* Info.plist */,
				AF6288EF266B7FC50067E177 /* Preview Content */,
			);
			path = "project 12";
			sourceTree = "<group>";
		};
		AF6288EF266B7FC50067E177 /* Preview Content */ = {
			isa = PBXGroup;
			children = (
				AF6288F0266B7FC50067E177 /* Preview Assets.xcassets */,
			);
			path = "Preview Content";
			sourceTree = "<group>";
		};
/* End PBXGroup section */

/* Begin PBXNativeTarget section */
		AF6288E0266B7FC20067E177 /* project 12 */ = {
			isa = PBXNativeTarget;
			buildConfigurationList = AF6288F8266B7FC50067E177 /* Build configuration list for PBXNativeTarget "project 12" */;
			buildPhases = (
				AF6288DD266B7FC20067E177 /* Sources */,
				AF6288DE266B7FC20067E177 /* Frameworks */,
				AF6288DF266B7FC20067E177 /* Resources */,
			);
			buildRules = (
			);
			dependencies = (
			);
			name = "project 12";
			productName = "project 12";
			productReference = AF6288E1266B7FC20067E177 /* project 12.app */;
			productType = "com.apple.product-type.application";
		};
/* End PBXNativeTarget section */

/* Begin PBXProject section */
		AF6288D9266B7FC20067E177 /* Project object */ = {
			isa = PBXProject;
			attributes = {
				LastSwiftUpdateCheck = 1200;
				LastUpgradeCheck = 1200;
				TargetAttributes = {
					AF6288E0266B7FC20067E177 = {
						CreatedOnToolsVersion = 12.0;
					};
				};
			};
			buildConfigurationList = AF6288DC266B7FC20067E177 /* Build configuration list for PBXProject "project 12" */;
			compatibilityVersion = "Xcode 9.3";
			developmentRegion = en;
			hasScannedForEncodings = 0;
			knownRegions = (
				en,
				Base,
			);
			mainGroup = AF6288D8266B7FC20067E177;
			productRefGroup = AF6288E2266B7FC20067E177 /* Products */;
			projectDirPath = "";
			projectRoot = "";
			targets = (
				AF6288E0266B7FC20067E177 /* project 12 */,
			);
		};
/* End PBXProject section */

/* Begin PBXResourcesBuildPhase section */
		AF6288DF266B7FC20067E177 /* Resources */ = {
			isa = PBXResourcesBuildPhase;
			buildActionMask = 2147483647;
			files = (
				AF6288F4266B7FC50067E177 /* LaunchScreen.storyboard in Resources */,
				AF6288F1266B7FC50067E177 /* Preview Assets.xcassets in Resources */,
				AF6288EE266B7FC50067E177 /* Assets.xcassets in Resources */,
			);
			runOnlyForDeploymentPostprocessing = 0;
		};
/* End PBXResourcesBuildPhase section */

/* Begin PBXSourcesBuildPhase section */
		AF6288DD266B7FC20067E177 /* Sources */ = {
			isa = PBXSourcesBuildPhase;
			buildActionMask = 2147483647;
			files = (
				AF52DCE7266E4E5000B2422D /* Constraintss.swift in Sources */,
				AF52DCE5266E43B000B2422D /* project_12.xcdatamodeld in Sources */,
				AF6288E5266B7FC20067E177 /* AppDelegate.swift in Sources */,
				AF52DCD9266DF8A700B2422D /* HashableProtocol.swift in Sources */,
				AF52DCF1266F82BB00B2422D /* FilteredList.swift in Sources */,
				AF52DCED266F56F700B2422D /* Singer+CoreDataProperties.swift in Sources */,
				AF52DCF7266FB07C00B2422D /* Candy+CoreDataProperties.swift in Sources */,
				AF52DCE9266E4F7200B2422D /* nsPredicate.swift in Sources */,
				AF52DCEF266F7DF500B2422D /* DynamicFiltering.swift in Sources */,
				AF52DCF9266FB07C00B2422D /* Country+CoreDataProperties.swift in Sources */,
				AF6288E7266B7FC20067E177 /* SceneDelegate.swift in Sources */,
				AF52DCFB266FB25A00B2422D /* lastTurorial.swift in Sources */,
				AF52DCDC266DFF9600B2422D /* Movie+CoreDataClass.swift in Sources */,
				AF52DCEC266F56F700B2422D /* Singer+CoreDataClass.swift in Sources */,
				AF52DCDD266DFF9600B2422D /* Movie+CoreDataProperties.swift in Sources */,
				AF6288E9266B7FC20067E177 /* ContentView.swift in Sources */,
				AF52DCF8266FB07C00B2422D /* Country+CoreDataClass.swift in Sources */,
				AF52DCF6266FB07C00B2422D /* Candy+CoreDataClass.swift in Sources */,
			);
			runOnlyForDeploymentPostprocessing = 0;
		};
/* End PBXSourcesBuildPhase section */

/* Begin PBXVariantGroup section */
		AF6288F2266B7FC50067E177 /* LaunchScreen.storyboard */ = {
			isa = PBXVariantGroup;
			children = (
				AF6288F3266B7FC50067E177 /* Base */,
			);
			name = LaunchScreen.storyboard;
			sourceTree = "<group>";
		};
/* End PBXVariantGroup section */

/* Begin XCBuildConfiguration section */
		AF6288F6266B7FC50067E177 /* Debug */ = {
			isa = XCBuildConfiguration;
			buildSettings = {
				ALWAYS_SEARCH_USER_PATHS = NO;
				CLANG_ANALYZER_NONNULL = YES;
				CLANG_ANALYZER_NUMBER_OBJECT_CONVERSION = YES_AGGRESSIVE;
				CLANG_CXX_LANGUAGE_STANDARD = "gnu++14";
				CLANG_CXX_LIBRARY = "libc++";
				CLANG_ENABLE_MODULES = YES;
				CLANG_ENABLE_OBJC_ARC = YES;
				CLANG_ENABLE_OBJC_WEAK = YES;
				CLANG_WARN_BLOCK_CAPTURE_AUTORELEASING = YES;
				CLANG_WARN_BOOL_CONVERSION = YES;
				CLANG_WARN_COMMA = YES;
				CLANG_WARN_CONSTANT_CONVERSION = YES;
				CLANG_WARN_DEPRECATED_OBJC_IMPLEMENTATIONS = YES;
				CLANG_WARN_DIRECT_OBJC_ISA_USAGE = YES_ERROR;
				CLANG_WARN_DOCUMENTATION_COMMENTS = YES;
				CLANG_WARN_EMPTY_BODY = YES;
				CLANG_WARN_ENUM_CONVERSION = YES;
				CLANG_WARN_INFINITE_RECURSION = YES;
				CLANG_WARN_INT_CONVERSION = YES;
				CLANG_WARN_NON_LITERAL_NULL_CONVERSION = YES;
				CLANG_WARN_OBJC_IMPLICIT_RETAIN_SELF = YES;
				CLANG_WARN_OBJC_LITERAL_CONVERSION = YES;
				CLANG_WARN_OBJC_ROOT_CLASS = YES_ERROR;
				CLANG_WARN_QUOTED_INCLUDE_IN_FRAMEWORK_HEADER = YES;
				CLANG_WARN_RANGE_LOOP_ANALYSIS = YES;
				CLANG_WARN_STRICT_PROTOTYPES = YES;
				CLANG_WARN_SUSPICIOUS_MOVE = YES;
				CLANG_WARN_UNGUARDED_AVAILABILITY = YES_AGGRESSIVE;
				CLANG_WARN_UNREACHABLE_CODE = YES;
				CLANG_WARN__DUPLICATE_METHOD_MATCH = YES;
				COPY_PHASE_STRIP = NO;
				DEBUG_INFORMATION_FORMAT = dwarf;
				ENABLE_STRICT_OBJC_MSGSEND = YES;
				ENABLE_TESTABILITY = YES;
				GCC_C_LANGUAGE_STANDARD = gnu11;
				GCC_DYNAMIC_NO_PIC = NO;
				GCC_NO_COMMON_BLOCKS = YES;
				GCC_OPTIMIZATION_LEVEL = 0;
				GCC_PREPROCESSOR_DEFINITIONS = (
					"DEBUG=1",
					"$(inherited)",
				);
				GCC_WARN_64_TO_32_BIT_CONVERSION = YES;
				GCC_WARN_ABOUT_RETURN_TYPE = YES_ERROR;
				GCC_WARN_UNDECLARED_SELECTOR = YES;
				GCC_WARN_UNINITIALIZED_AUTOS = YES_AGGRESSIVE;
				GCC_WARN_UNUSED_FUNCTION = YES;
				GCC_WARN_UNUSED_VARIABLE = YES;
				IPHONEOS_DEPLOYMENT_TARGET = 14.0;
				MTL_ENABLE_DEBUG_INFO = INCLUDE_SOURCE;
				MTL_FAST_MATH = YES;
				ONLY_ACTIVE_ARCH = YES;
				SDKROOT = iphoneos;
				SWIFT_ACTIVE_COMPILATION_CONDITIONS = DEBUG;
				SWIFT_OPTIMIZATION_LEVEL = "-Onone";
			};
			name = Debug;
		};
		AF6288F7266B7FC50067E177 /* Release */ = {
			isa = XCBuildConfiguration;
			buildSettings = {
				ALWAYS_SEARCH_USER_PATHS = NO;
				CLANG_ANALYZER_NONNULL = YES;
				CLANG_ANALYZER_NUMBER_OBJECT_CONVERSION = YES_AGGRESSIVE;
				CLANG_CXX_LANGUAGE_STANDARD = "gnu++14";
				CLANG_CXX_LIBRARY = "libc++";
				CLANG_ENABLE_MODULES = YES;
				CLANG_ENABLE_OBJC_ARC = YES;
				CLANG_ENABLE_OBJC_WEAK = YES;
				CLANG_WARN_BLOCK_CAPTURE_AUTORELEASING = YES;
				CLANG_WARN_BOOL_CONVERSION = YES;
				CLANG_WARN_COMMA = YES;
				CLANG_WARN_CONSTANT_CONVERSION = YES;
				CLANG_WARN_DEPRECATED_OBJC_IMPLEMENTATIONS = YES;
				CLANG_WARN_DIRECT_OBJC_ISA_USAGE = YES_ERROR;
				CLANG_WARN_DOCUMENTATION_COMMENTS = YES;
				CLANG_WARN_EMPTY_BODY = YES;
				CLANG_WARN_ENUM_CONVERSION = YES;
				CLANG_WARN_INFINITE_RECURSION = YES;
				CLANG_WARN_INT_CONVERSION = YES;
				CLANG_WARN_NON_LITERAL_NULL_CONVERSION = YES;
				CLANG_WARN_OBJC_IMPLICIT_RETAIN_SELF = YES;
				CLANG_WARN_OBJC_LITERAL_CONVERSION = YES;
				CLANG_WARN_OBJC_ROOT_CLASS = YES_ERROR;
				CLANG_WARN_QUOTED_INCLUDE_IN_FRAMEWORK_HEADER = YES;
				CLANG_WARN_RANGE_LOOP_ANALYSIS = YES;
				CLANG_WARN_STRICT_PROTOTYPES = YES;
				CLANG_WARN_SUSPICIOUS_MOVE = YES;
				CLANG_WARN_UNGUARDED_AVAILABILITY = YES_AGGRESSIVE;
				CLANG_WARN_UNREACHABLE_CODE = YES;
				CLANG_WARN__DUPLICATE_METHOD_MATCH = YES;
				COPY_PHASE_STRIP = NO;
				DEBUG_INFORMATION_FORMAT = "dwarf-with-dsym";
				ENABLE_NS_ASSERTIONS = NO;
				ENABLE_STRICT_OBJC_MSGSEND = YES;
				GCC_C_LANGUAGE_STANDARD = gnu11;
				GCC_NO_COMMON_BLOCKS = YES;
				GCC_WARN_64_TO_32_BIT_CONVERSION = YES;
				GCC_WARN_ABOUT_RETURN_TYPE = YES_ERROR;
				GCC_WARN_UNDECLARED_SELECTOR = YES;
				GCC_WARN_UNINITIALIZED_AUTOS = YES_AGGRESSIVE;
				GCC_WARN_UNUSED_FUNCTION = YES;
				GCC_WARN_UNUSED_VARIABLE = YES;
				IPHONEOS_DEPLOYMENT_TARGET = 14.0;
				MTL_ENABLE_DEBUG_INFO = NO;
				MTL_FAST_MATH = YES;
				SDKROOT = iphoneos;
				SWIFT_COMPILATION_MODE = wholemodule;
				SWIFT_OPTIMIZATION_LEVEL = "-O";
				VALIDATE_PRODUCT = YES;
			};
			name = Release;
		};
		AF6288F9266B7FC50067E177 /* Debug */ = {
			isa = XCBuildConfiguration;
			buildSettings = {
				ASSETCATALOG_COMPILER_APPICON_NAME = AppIcon;
				ASSETCATALOG_COMPILER_GLOBAL_ACCENT_COLOR_NAME = AccentColor;
				CODE_SIGN_STYLE = Automatic;
				DEVELOPMENT_ASSET_PATHS = "\"project 12/Preview Content\"";
				DEVELOPMENT_TEAM = WBND8H9MX8;
				ENABLE_PREVIEWS = YES;
				INFOPLIST_FILE = "project 12/Info.plist";
				LD_RUNPATH_SEARCH_PATHS = (
					"$(inherited)",
					"@executable_path/Frameworks",
				);
				PRODUCT_BUNDLE_IDENTIFIER = "com.ansa.project-12";
				PRODUCT_NAME = "$(TARGET_NAME)";
				SWIFT_VERSION = 5.0;
				TARGETED_DEVICE_FAMILY = "1,2";
			};
			name = Debug;
		};
		AF6288FA266B7FC50067E177 /* Release */ = {
			isa = XCBuildConfiguration;
			buildSettings = {
				ASSETCATALOG_COMPILER_APPICON_NAME = AppIcon;
				ASSETCATALOG_COMPILER_GLOBAL_ACCENT_COLOR_NAME = AccentColor;
				CODE_SIGN_STYLE = Automatic;
				DEVELOPMENT_ASSET_PATHS = "\"project 12/Preview Content\"";
				DEVELOPMENT_TEAM = WBND8H9MX8;
				ENABLE_PREVIEWS = YES;
				INFOPLIST_FILE = "project 12/Info.plist";
				LD_RUNPATH_SEARCH_PATHS = (
					"$(inherited)",
					"@executable_path/Frameworks",
				);
				PRODUCT_BUNDLE_IDENTIFIER = "com.ansa.project-12";
				PRODUCT_NAME = "$(TARGET_NAME)";
				SWIFT_VERSION = 5.0;
				TARGETED_DEVICE_FAMILY = "1,2";
			};
			name = Release;
		};
/* End XCBuildConfiguration section */

/* Begin XCConfigurationList section */
		AF6288DC266B7FC20067E177 /* Build configuration list for PBXProject "project 12" */ = {
			isa = XCConfigurationList;
			buildConfigurations = (
				AF6288F6266B7FC50067E177 /* Debug */,
				AF6288F7266B7FC50067E177 /* Release */,
			);
			defaultConfigurationIsVisible = 0;
			defaultConfigurationName = Release;
		};
		AF6288F8266B7FC50067E177 /* Build configuration list for PBXNativeTarget "project 12" */ = {
			isa = XCConfigurationList;
			buildConfigurations = (
				AF6288F9266B7FC50067E177 /* Debug */,
				AF6288FA266B7FC50067E177 /* Release */,
			);
			defaultConfigurationIsVisible = 0;
			defaultConfigurationName = Release;
		};
/* End XCConfigurationList section */

/* Begin XCVersionGroup section */
		AF52DCE3266E43B000B2422D /* project_12.xcdatamodeld */ = {
			isa = XCVersionGroup;
			children = (
				AF52DCE4266E43B000B2422D /* project_12.xcdatamodel */,
			);
			currentVersion = AF52DCE4266E43B000B2422D /* project_12.xcdatamodel */;
			path = project_12.xcdatamodeld;
			sourceTree = "<group>";
			versionGroupType = wrapper.xcdatamodel;
		};
/* End XCVersionGroup section */
	};
	rootObject = AF6288D9266B7FC20067E177 /* Project object */;
}
